
Microsoft Visual Studio Solution File, Format Version 12.00
# Visual Studio Version 17
VisualStudioVersion = 17.9.34607.119
MinimumVisualStudioVersion = 10.0.40219.1
Project("{9A19103F-16F7-4668-BE54-9A1E7A4F7556}") = "Authentication", "Authentication\Authentication.csproj", "{20D7EFC7-E7DA-4CC0-BF9E-1E620B9657C0}"
EndProject
Project("{9A19103F-16F7-4668-BE54-9A1E7A4F7556}") = "Console", "Console\Console.csproj", "{1AF79D95-F56B-45FC-9D99-8162AAB4F306}"
EndProject
Project("{FAE04EC0-301F-11D3-BF4B-00C04F79EFBC}") = "GUI", "GUI\GUI.csproj", "{77813C24-9763-4A2E-8EAD-2696BF391DC7}"
EndProject
Global
	GlobalSection(SolutionConfigurationPlatforms) = preSolution
		Debug|Any CPU = Debug|Any CPU
		Release|Any CPU = Release|Any CPU
	EndGlobalSection
	GlobalSection(ProjectConfigurationPlatforms) = postSolution
		{20D7EFC7-E7DA-4CC0-BF9E-1E620B9657C0}.Debug|Any CPU.ActiveCfg = Debug|Any CPU
		{20D7EFC7-E7DA-4CC0-BF9E-1E620B9657C0}.Debug|Any CPU.Build.0 = Debug|Any CPU
		{20D7EFC7-E7DA-4CC0-BF9E-1E620B9657C0}.Release|Any CPU.ActiveCfg = Release|Any CPU
		{20D7EFC7-E7DA-4CC0-BF9E-1E620B9657C0}.Release|Any CPU.Build.0 = Release|Any CPU
		{1AF79D95-F56B-45FC-9D99-8162AAB4F306}.Debug|Any CPU.ActiveCfg = Debug|Any CPU
		{1AF79D95-F56B-45FC-9D99-8162AAB4F306}.Debug|Any CPU.Build.0 = Debug|Any CPU
		{1AF79D95-F56B-45FC-9D99-8162AAB4F306}.Release|Any CPU.ActiveCfg = Release|Any CPU
		{1AF79D95-F56B-45FC-9D99-8162AAB4F306}.Release|Any CPU.Build.0 = Release|Any CPU
		{77813C24-9763-4A2E-8EAD-2696BF391DC7}.Debug|Any CPU.ActiveCfg = Debug|Any CPU
		{77813C24-9763-4A2E-8EAD-2696BF391DC7}.Debug|Any CPU.Build.0 = Debug|Any CPU
		{77813C24-9763-4A2E-8EAD-2696BF391DC7}.Release|Any CPU.ActiveCfg = Release|Any CPU
		{77813C24-9763-4A2E-8EAD-2696BF391DC7}.Release|Any CPU.Build.0 = Release|Any CPU
	EndGlobalSection
	GlobalSection(SolutionProperties) = preSolution
		HideSolutionNode = FALSE
	EndGlobalSection
	GlobalSection(ExtensibilityGlobals) = postSolution
		SolutionGuid = {1CA4A46B-49C4-460C-A3F9-FDE3D6848726}
	EndGlobalSection
EndGlobal
